PODS:
  - Alamofire (4.8.2)
  - CPAPIService (0.2.1):
    - Alamofire (~> 4.8.0)
  - DigitalFare (1.0.5):
    - CPAPIService (~> 0.2.1)
    - DigitalFareUtils
    - GoogleMaps
    - GooglePlaces
  - DigitalFareUtils (0.0.1)
  - GoogleMaps (3.9.0):
    - GoogleMaps/Maps (= 3.9.0)
  - GoogleMaps/Base (3.9.0)
  - GoogleMaps/Maps (3.9.0):
    - GoogleMaps/Base
  - GooglePlaces (3.9.0):
    - GoogleMaps/Base (= 3.9.0)

DEPENDENCIES:
  - DigitalFare (from `../`)

SPEC REPOS:
  trunk:
    - Alamofire
    - CPAPIService
    - DigitalFareUtils
    - GoogleMaps
    - GooglePlaces

EXTERNAL SOURCES:
  DigitalFare:
    :path: "../"

SPEC CHECKSUMS:
  Alamofire: ae5c501addb7afdbb13687d7f2f722c78734c2d3
  CPAPIService: e920987b7bd93b39a92d467acc6d714bd2f2b61a
  DigitalFare: ee6af3e52537250c60cb85752fec02aaf8fe0d03
  DigitalFareUtils: 7aa3ff862306ce0fc78662461dbee9fbbc178612
  GoogleMaps: 4b5346bddfe6911bb89155d43c903020170523ac
  GooglePlaces: 1634d019549b969d40fe0ccb0b9513055adebe01

PODFILE CHECKSUM: 865c288426a1171bf017b26e9600727ff46d4867

COCOAPODS: 1.8.4
